
Microsoft Visual Studio Solution File, Format Version 12.00
# Visual Studio Version 16
VisualStudioVersion = 16.0.30114.105
MinimumVisualStudioVersion = 10.0.40219.1
Project("{2150E333-8FDC-42A3-9474-1A3956D46DE8}") = "src", "src", "{06B36CC2-8E3A-4191-AF03-B22DD28BDC6E}"
EndProject
Project("{2150E333-8FDC-42A3-9474-1A3956D46DE8}") = "GradeBook", "GradeBook", "{2BC4C4C9-69F0-4468-AE9A-B72AA7F29055}"
EndProject
Project("{2150E333-8FDC-42A3-9474-1A3956D46DE8}") = "GradeBook", "GradeBook", "{3525C067-5B7F-4DEF-9AAF-BEDEB8C2880F}"
EndProject
Project("{FAE04EC0-301F-11D3-BF4B-00C04F79EFBC}") = "GradeBook", "src\GradeBook\GradeBook\Gradebook\GradeBook.csproj", "{659C39C4-2828-4D2D-9ACC-69C0973E88A5}"
EndProject
Project("{2150E333-8FDC-42A3-9474-1A3956D46DE8}") = "Test", "Test", "{1C78DB19-B32E-40CF-9BC0-7364E43FF496}"
EndProject
Project("{FAE04EC0-301F-11D3-BF4B-00C04F79EFBC}") = "GradeBook.Tests", "Test\GradeBook.Tests\GradeBook.Tests.csproj", "{B7239922-3DCB-4AB8-8B6C-AFBABCB4371C}"
EndProject
Global
	GlobalSection(SolutionConfigurationPlatforms) = preSolution
		Debug|Any CPU = Debug|Any CPU
		Release|Any CPU = Release|Any CPU
	EndGlobalSection
	GlobalSection(SolutionProperties) = preSolution
		HideSolutionNode = FALSE
	EndGlobalSection
	GlobalSection(ProjectConfigurationPlatforms) = postSolution
		{659C39C4-2828-4D2D-9ACC-69C0973E88A5}.Debug|Any CPU.ActiveCfg = Debug|Any CPU
		{659C39C4-2828-4D2D-9ACC-69C0973E88A5}.Debug|Any CPU.Build.0 = Debug|Any CPU
		{659C39C4-2828-4D2D-9ACC-69C0973E88A5}.Release|Any CPU.ActiveCfg = Release|Any CPU
		{659C39C4-2828-4D2D-9ACC-69C0973E88A5}.Release|Any CPU.Build.0 = Release|Any CPU
		{B7239922-3DCB-4AB8-8B6C-AFBABCB4371C}.Debug|Any CPU.ActiveCfg = Debug|Any CPU
		{B7239922-3DCB-4AB8-8B6C-AFBABCB4371C}.Debug|Any CPU.Build.0 = Debug|Any CPU
		{B7239922-3DCB-4AB8-8B6C-AFBABCB4371C}.Release|Any CPU.ActiveCfg = Release|Any CPU
		{B7239922-3DCB-4AB8-8B6C-AFBABCB4371C}.Release|Any CPU.Build.0 = Release|Any CPU
	EndGlobalSection
	GlobalSection(NestedProjects) = preSolution
		{2BC4C4C9-69F0-4468-AE9A-B72AA7F29055} = {06B36CC2-8E3A-4191-AF03-B22DD28BDC6E}
		{3525C067-5B7F-4DEF-9AAF-BEDEB8C2880F} = {2BC4C4C9-69F0-4468-AE9A-B72AA7F29055}
		{659C39C4-2828-4D2D-9ACC-69C0973E88A5} = {3525C067-5B7F-4DEF-9AAF-BEDEB8C2880F}
		{B7239922-3DCB-4AB8-8B6C-AFBABCB4371C} = {1C78DB19-B32E-40CF-9BC0-7364E43FF496}
	EndGlobalSection
EndGlobal
