
Microsoft Visual Studio Solution File, Format Version 12.00
# Visual Studio Version 17
VisualStudioVersion = 17.2.32616.157
MinimumVisualStudioVersion = 10.0.40219.1
Project("{FAE04EC0-301F-11D3-BF4B-00C04F79EFBC}") = "GradeBook", "ConsoleApp1\GradeBook.csproj", "{A187A951-4097-46A9-8032-AB91869C497F}"
EndProject
Global
	GlobalSection(SolutionConfigurationPlatforms) = preSolution
		Debug|Any CPU = Debug|Any CPU
		Release|Any CPU = Release|Any CPU
	EndGlobalSection
	GlobalSection(ProjectConfigurationPlatforms) = postSolution
		{A187A951-4097-46A9-8032-AB91869C497F}.Debug|Any CPU.ActiveCfg = Debug|Any CPU
		{A187A951-4097-46A9-8032-AB91869C497F}.Debug|Any CPU.Build.0 = Debug|Any CPU
		{A187A951-4097-46A9-8032-AB91869C497F}.Release|Any CPU.ActiveCfg = Release|Any CPU
		{A187A951-4097-46A9-8032-AB91869C497F}.Release|Any CPU.Build.0 = Release|Any CPU
	EndGlobalSection
	GlobalSection(SolutionProperties) = preSolution
		HideSolutionNode = FALSE
	EndGlobalSection
	GlobalSection(ExtensibilityGlobals) = postSolution
		SolutionGuid = {5639FD76-3958-4840-AD75-6E6126C19345}
	EndGlobalSection
EndGlobal
